// !$*UTF8*$!
{
	archiveVersion = 1;
	classes = {
	};
	objectVersion = 46;
	objects = {

/* Begin PBXBuildFile section */
		A20808441D41C6A00061A042 /* RRBExpressOrder.m in Sources */ = {isa = PBXBuildFile; fileRef = A20808431D41C6A00061A042 /* RRBExpressOrder.m */; };
		A21407161D2569BE00128F78 /* main.m in Sources */ = {isa = PBXBuildFile; fileRef = A21407151D2569BE00128F78 /* main.m */; };
		A21407191D2569BE00128F78 /* AppDelegate.m in Sources */ = {isa = PBXBuildFile; fileRef = A21407181D2569BE00128F78 /* AppDelegate.m */; };
		A214071C1D2569BE00128F78 /* ViewController.m in Sources */ = {isa = PBXBuildFile; fileRef = A214071B1D2569BE00128F78 /* ViewController.m */; };
		A214071F1D2569BE00128F78 /* Main.storyboard in Resources */ = {isa = PBXBuildFile; fileRef = A214071D1D2569BE00128F78 /* Main.storyboard */; };
		A21407211D2569BE00128F78 /* Assets.xcassets in Resources */ = {isa = PBXBuildFile; fileRef = A21407201D2569BE00128F78 /* Assets.xcassets */; };
		A21407241D2569BE00128F78 /* LaunchScreen.storyboard in Resources */ = {isa = PBXBuildFile; fileRef = A21407221D2569BE00128F78 /* LaunchScreen.storyboard */; };
		A214072F1D2569FB00128F78 /* RRBExpress.m in Sources */ = {isa = PBXBuildFile; fileRef = A214072B1D2569FB00128F78 /* RRBExpress.m */; };
/* End PBXBuildFile section */

/* Begin PBXFileReference section */
		A20808411D41AF3D0061A042 /* RRBExpressCompanyCode.h */ = {isa = PBXFileReference; fileEncoding = 4; lastKnownFileType = sourcecode.c.h; path = RRBExpressCompanyCode.h; sourceTree = "<group>"; };
		A20808421D41C6A00061A042 /* RRBExpressOrder.h */ = {isa = PBXFileReference; fileEncoding = 4; lastKnownFileType = sourcecode.c.h; path = RRBExpressOrder.h; sourceTree = "<group>"; };
		A20808431D41C6A00061A042 /* RRBExpressOrder.m */ = {isa = PBXFileReference; fileEncoding = 4; lastKnownFileType = sourcecode.c.objc; path = RRBExpressOrder.m; sourceTree = "<group>"; };
		A21407111D2569BE00128F78 /* ExpressPlugin.app */ = {isa = PBXFileReference; explicitFileType = wrapper.application; includeInIndex = 0; path = ExpressPlugin.app; sourceTree = BUILT_PRODUCTS_DIR; };
		A21407151D2569BE00128F78 /* main.m */ = {isa = PBXFileReference; lastKnownFileType = sourcecode.c.objc; path = main.m; sourceTree = "<group>"; };
		A21407171D2569BE00128F78 /* AppDelegate.h */ = {isa = PBXFileReference; lastKnownFileType = sourcecode.c.h; path = AppDelegate.h; sourceTree = "<group>"; };
		A21407181D2569BE00128F78 /* AppDelegate.m */ = {isa = PBXFileReference; lastKnownFileType = sourcecode.c.objc; path = AppDelegate.m; sourceTree = "<group>"; };
		A214071A1D2569BE00128F78 /* ViewController.h */ = {isa = PBXFileReference; lastKnownFileType = sourcecode.c.h; path = ViewController.h; sourceTree = "<group>"; };
		A214071B1D2569BE00128F78 /* ViewController.m */ = {isa = PBXFileReference; lastKnownFileType = sourcecode.c.objc; path = ViewController.m; sourceTree = "<group>"; };
		A214071E1D2569BE00128F78 /* Base */ = {isa = PBXFileReference; lastKnownFileType = file.storyboard; name = Base; path = Base.lproj/Main.storyboard; sourceTree = "<group>"; };
		A21407201D2569BE00128F78 /* Assets.xcassets */ = {isa = PBXFileReference; lastKnownFileType = folder.assetcatalog; path = Assets.xcassets; sourceTree = "<group>"; };
		A21407231D2569BE00128F78 /* Base */ = {isa = PBXFileReference; lastKnownFileType = file.storyboard; name = Base; path = Base.lproj/LaunchScreen.storyboard; sourceTree = "<group>"; };
		A21407251D2569BE00128F78 /* Info.plist */ = {isa = PBXFileReference; lastKnownFileType = text.plist.xml; path = Info.plist; sourceTree = "<group>"; };
		A214072B1D2569FB00128F78 /* RRBExpress.m */ = {isa = PBXFileReference; fileEncoding = 4; lastKnownFileType = sourcecode.c.objc; path = RRBExpress.m; sourceTree = "<group>"; };
		A214072C1D2569FB00128F78 /* RRBExpress.h */ = {isa = PBXFileReference; fileEncoding = 4; lastKnownFileType = sourcecode.c.h; path = RRBExpress.h; sourceTree = "<group>"; };
/* End PBXFileReference section */

/* Begin PBXFrameworksBuildPhase section */
		A214070E1D2569BE00128F78 /* Frameworks */ = {
			isa = PBXFrameworksBuildPhase;
			buildActionMask = 2147483647;
			files = (
			);
			runOnlyForDeploymentPostprocessing = 0;
		};
/* End PBXFrameworksBuildPhase section */

/* Begin PBXGroup section */
		A21407081D2569BE00128F78 = {
			isa = PBXGroup;
			children = (
				A21407131D2569BE00128F78 /* ExpressPlugin */,
				A21407121D2569BE00128F78 /* Products */,
			);
			sourceTree = "<group>";
		};
		A21407121D2569BE00128F78 /* Products */ = {
			isa = PBXGroup;
			children = (
				A21407111D2569BE00128F78 /* ExpressPlugin.app */,
			);
			name = Products;
			sourceTree = "<group>";
		};
		A21407131D2569BE00128F78 /* ExpressPlugin */ = {
			isa = PBXGroup;
			children = (
				A20808411D41AF3D0061A042 /* RRBExpressCompanyCode.h */,
				A214072C1D2569FB00128F78 /* RRBExpress.h */,
				A214072B1D2569FB00128F78 /* RRBExpress.m */,
				A20808421D41C6A00061A042 /* RRBExpressOrder.h */,
				A20808431D41C6A00061A042 /* RRBExpressOrder.m */,
				A21407171D2569BE00128F78 /* AppDelegate.h */,
				A21407181D2569BE00128F78 /* AppDelegate.m */,
				A214071A1D2569BE00128F78 /* ViewController.h */,
				A214071B1D2569BE00128F78 /* ViewController.m */,
				A214071D1D2569BE00128F78 /* Main.storyboard */,
				A21407201D2569BE00128F78 /* Assets.xcassets */,
				A21407221D2569BE00128F78 /* LaunchScreen.storyboard */,
				A21407251D2569BE00128F78 /* Info.plist */,
				A21407141D2569BE00128F78 /* Supporting Files */,
			);
			path = ExpressPlugin;
			sourceTree = "<group>";
		};
		A21407141D2569BE00128F78 /* Supporting Files */ = {
			isa = PBXGroup;
			children = (
				A21407151D2569BE00128F78 /* main.m */,
			);
			name = "Supporting Files";
			sourceTree = "<group>";
		};
/* End PBXGroup section */

/* Begin PBXNativeTarget section */
		A21407101D2569BE00128F78 /* ExpressPlugin */ = {
			isa = PBXNativeTarget;
			buildConfigurationList = A21407281D2569BE00128F78 /* Build configuration list for PBXNativeTarget "ExpressPlugin" */;
			buildPhases = (
				A214070D1D2569BE00128F78 /* Sources */,
				A214070E1D2569BE00128F78 /* Frameworks */,
				A214070F1D2569BE00128F78 /* Resources */,
			);
			buildRules = (
			);
			dependencies = (
			);
			name = ExpressPlugin;
			productName = ExpressPlugin;
			productReference = A21407111D2569BE00128F78 /* ExpressPlugin.app */;
			productType = "com.apple.product-type.application";
		};
/* End PBXNativeTarget section */

/* Begin PBXProject section */
		A21407091D2569BE00128F78 /* Project object */ = {
			isa = PBXProject;
			attributes = {
				LastUpgradeCheck = 0730;
				ORGANIZATIONNAME = "丁业林";
				TargetAttributes = {
					A21407101D2569BE00128F78 = {
						CreatedOnToolsVersion = 7.3;
					};
				};
			};
			buildConfigurationList = A214070C1D2569BE00128F78 /* Build configuration list for PBXProject "ExpressPlugin" */;
			compatibilityVersion = "Xcode 3.2";
			developmentRegion = English;
			hasScannedForEncodings = 0;
			knownRegions = (
				en,
				Base,
			);
			mainGroup = A21407081D2569BE00128F78;
			productRefGroup = A21407121D2569BE00128F78 /* Products */;
			projectDirPath = "";
			projectRoot = "";
			targets = (
				A21407101D2569BE00128F78 /* ExpressPlugin */,
			);
		};
/* End PBXProject section */

/* Begin PBXResourcesBuildPhase section */
		A214070F1D2569BE00128F78 /* Resources */ = {
			isa = PBXResourcesBuildPhase;
			buildActionMask = 2147483647;
			files = (
				A21407241D2569BE00128F78 /* LaunchScreen.storyboard in Resources */,
				A21407211D2569BE00128F78 /* Assets.xcassets in Resources */,
				A214071F1D2569BE00128F78 /* Main.storyboard in Resources */,
			);
			runOnlyForDeploymentPostprocessing = 0;
		};
/* End PBXResourcesBuildPhase section */

/* Begin PBXSourcesBuildPhase section */
		A214070D1D2569BE00128F78 /* Sources */ = {
			isa = PBXSourcesBuildPhase;
			buildActionMask = 2147483647;
			files = (
				A214071C1D2569BE00128F78 /* ViewController.m in Sources */,
				A21407191D2569BE00128F78 /* AppDelegate.m in Sources */,
				A21407161D2569BE00128F78 /* main.m in Sources */,
				A214072F1D2569FB00128F78 /* RRBExpress.m in Sources */,
				A20808441D41C6A00061A042 /* RRBExpressOrder.m in Sources */,
			);
			runOnlyForDeploymentPostprocessing = 0;
		};
/* End PBXSourcesBuildPhase section */

/* Begin PBXVariantGroup section */
		A214071D1D2569BE00128F78 /* Main.storyboard */ = {
			isa = PBXVariantGroup;
			children = (
				A214071E1D2569BE00128F78 /* Base */,
			);
			name = Main.storyboard;
			sourceTree = "<group>";
		};
		A21407221D2569BE00128F78 /* LaunchScreen.storyboard */ = {
			isa = PBXVariantGroup;
			children = (
				A21407231D2569BE00128F78 /* Base */,
			);
			name = LaunchScreen.storyboard;
			sourceTree = "<group>";
		};
/* End PBXVariantGroup section */

/* Begin XCBuildConfiguration section */
		A21407261D2569BE00128F78 /* Debug */ = {
			isa = XCBuildConfiguration;
			buildSettings = {
				ALWAYS_SEARCH_USER_PATHS = NO;
				CLANG_ANALYZER_NONNULL = YES;
				CLANG_CXX_LANGUAGE_STANDARD = "gnu++0x";
				CLANG_CXX_LIBRARY = "libc++";
				CLANG_ENABLE_MODULES = YES;
				CLANG_ENABLE_OBJC_ARC = YES;
				CLANG_WARN_BOOL_CONVERSION = YES;
				CLANG_WARN_CONSTANT_CONVERSION = YES;
				CLANG_WARN_DIRECT_OBJC_ISA_USAGE = YES_ERROR;
				CLANG_WARN_EMPTY_BODY = YES;
				CLANG_WARN_ENUM_CONVERSION = YES;
				CLANG_WARN_INT_CONVERSION = YES;
				CLANG_WARN_OBJC_ROOT_CLASS = YES_ERROR;
				CLANG_WARN_UNREACHABLE_CODE = YES;
				CLANG_WARN__DUPLICATE_METHOD_MATCH = YES;
				"CODE_SIGN_IDENTITY[sdk=iphoneos*]" = "iPhone Developer";
				COPY_PHASE_STRIP = NO;
				DEBUG_INFORMATION_FORMAT = dwarf;
				ENABLE_STRICT_OBJC_MSGSEND = YES;
				ENABLE_TESTABILITY = YES;
				GCC_C_LANGUAGE_STANDARD = gnu99;
				GCC_DYNAMIC_NO_PIC = NO;
				GCC_NO_COMMON_BLOCKS = YES;
				GCC_OPTIMIZATION_LEVEL = 0;
				GCC_PREPROCESSOR_DEFINITIONS = (
					"DEBUG=1",
					"$(inherited)",
				);
				GCC_WARN_64_TO_32_BIT_CONVERSION = YES;
				GCC_WARN_ABOUT_RETURN_TYPE = YES_ERROR;
				GCC_WARN_UNDECLARED_SELECTOR = YES;
				GCC_WARN_UNINITIALIZED_AUTOS = YES_AGGRESSIVE;
				GCC_WARN_UNUSED_FUNCTION = YES;
				GCC_WARN_UNUSED_VARIABLE = YES;
				IPHONEOS_DEPLOYMENT_TARGET = 9.3;
				MTL_ENABLE_DEBUG_INFO = YES;
				ONLY_ACTIVE_ARCH = YES;
				SDKROOT = iphoneos;
			};
			name = Debug;
		};
		A21407271D2569BE00128F78 /* Release */ = {
			isa = XCBuildConfiguration;
			buildSettings = {
				ALWAYS_SEARCH_USER_PATHS = NO;
				CLANG_ANALYZER_NONNULL = YES;
				CLANG_CXX_LANGUAGE_STANDARD = "gnu++0x";
				CLANG_CXX_LIBRARY = "libc++";
				CLANG_ENABLE_MODULES = YES;
				CLANG_ENABLE_OBJC_ARC = YES;
				CLANG_WARN_BOOL_CONVERSION = YES;
				CLANG_WARN_CONSTANT_CONVERSION = YES;
				CLANG_WARN_DIRECT_OBJC_ISA_USAGE = YES_ERROR;
				CLANG_WARN_EMPTY_BODY = YES;
				CLANG_WARN_ENUM_CONVERSION = YES;
				CLANG_WARN_INT_CONVERSION = YES;
				CLANG_WARN_OBJC_ROOT_CLASS = YES_ERROR;
				CLANG_WARN_UNREACHABLE_CODE = YES;
				CLANG_WARN__DUPLICATE_METHOD_MATCH = YES;
				"CODE_SIGN_IDENTITY[sdk=iphoneos*]" = "iPhone Developer";
				COPY_PHASE_STRIP = NO;
				DEBUG_INFORMATION_FORMAT = "dwarf-with-dsym";
				ENABLE_NS_ASSERTIONS = NO;
				ENABLE_STRICT_OBJC_MSGSEND = YES;
				GCC_C_LANGUAGE_STANDARD = gnu99;
				GCC_NO_COMMON_BLOCKS = YES;
				GCC_WARN_64_TO_32_BIT_CONVERSION = YES;
				GCC_WARN_ABOUT_RETURN_TYPE = YES_ERROR;
				GCC_WARN_UNDECLARED_SELECTOR = YES;
				GCC_WARN_UNINITIALIZED_AUTOS = YES_AGGRESSIVE;
				GCC_WARN_UNUSED_FUNCTION = YES;
				GCC_WARN_UNUSED_VARIABLE = YES;
				IPHONEOS_DEPLOYMENT_TARGET = 9.3;
				MTL_ENABLE_DEBUG_INFO = NO;
				SDKROOT = iphoneos;
				VALIDATE_PRODUCT = YES;
			};
			name = Release;
		};
		A21407291D2569BE00128F78 /* Debug */ = {
			isa = XCBuildConfiguration;
			buildSettings = {
				ASSETCATALOG_COMPILER_APPICON_NAME = AppIcon;
				INFOPLIST_FILE = ExpressPlugin/Info.plist;
				LD_RUNPATH_SEARCH_PATHS = "$(inherited) @executable_path/Frameworks";
				PRODUCT_BUNDLE_IDENTIFIER = com.renrenbao.ExpressPlugin;
				PRODUCT_NAME = "$(TARGET_NAME)";
			};
			name = Debug;
		};
		A214072A1D2569BE00128F78 /* Release */ = {
			isa = XCBuildConfiguration;
			buildSettings = {
				ASSETCATALOG_COMPILER_APPICON_NAME = AppIcon;
				INFOPLIST_FILE = ExpressPlugin/Info.plist;
				LD_RUNPATH_SEARCH_PATHS = "$(inherited) @executable_path/Frameworks";
				PRODUCT_BUNDLE_IDENTIFIER = com.renrenbao.ExpressPlugin;
				PRODUCT_NAME = "$(TARGET_NAME)";
			};
			name = Release;
		};
/* End XCBuildConfiguration section */

/* Begin XCConfigurationList section */
		A214070C1D2569BE00128F78 /* Build configuration list for PBXProject "ExpressPlugin" */ = {
			isa = XCConfigurationList;
			buildConfigurations = (
				A21407261D2569BE00128F78 /* Debug */,
				A21407271D2569BE00128F78 /* Release */,
			);
			defaultConfigurationIsVisible = 0;
			defaultConfigurationName = Release;
		};
		A21407281D2569BE00128F78 /* Build configuration list for PBXNativeTarget "ExpressPlugin" */ = {
			isa = XCConfigurationList;
			buildConfigurations = (
				A21407291D2569BE00128F78 /* Debug */,
				A214072A1D2569BE00128F78 /* Release */,
			);
			defaultConfigurationIsVisible = 0;
			defaultConfigurationName = Release;
		};
/* End XCConfigurationList section */
	};
	rootObject = A21407091D2569BE00128F78 /* Project object */;
}
